PODS:
  - Alamofire (4.9.1)
  - AlamofireImage (3.6.0):
    - Alamofire (~> 4.9)
  - AvailableHapticFeedback (1.0.2)
  - Firebase/Core (10.10.0):
    - Firebase/CoreOnly
    - FirebaseAnalytics (~> 10.10.0)
  - Firebase/CoreOnly (10.10.0):
    - FirebaseCore (= 10.10.0)
  - Firebase/Messaging (10.10.0):
    - Firebase/CoreOnly
    - FirebaseMessaging (~> 10.10.0)
  - FirebaseAnalytics (10.10.0):
    - FirebaseAnalytics/AdIdSupport (= 10.10.0)
    - FirebaseCore (~> 10.0)
    - FirebaseInstallations (~> 10.0)
    - GoogleUtilities/AppDelegateSwizzler (~> 7.11)
    - GoogleUtilities/MethodSwizzler (~> 7.11)
    - GoogleUtilities/Network (~> 7.11)
    - "GoogleUtilities/NSData+zlib (~> 7.11)"
    - nanopb (< 2.30910.0, >= 2.30908.0)
  - FirebaseAnalytics/AdIdSupport (10.10.0):
    - FirebaseCore (~> 10.0)
    - FirebaseInstallations (~> 10.0)
    - GoogleAppMeasurement (= 10.10.0)
    - GoogleUtilities/AppDelegateSwizzler (~> 7.11)
    - GoogleUtilities/MethodSwizzler (~> 7.11)
    - GoogleUtilities/Network (~> 7.11)
    - "GoogleUtilities/NSData+zlib (~> 7.11)"
    - nanopb (< 2.30910.0, >= 2.30908.0)
  - FirebaseCore (10.10.0):
    - FirebaseCoreInternal (~> 10.0)
    - GoogleUtilities/Environment (~> 7.8)
    - GoogleUtilities/Logger (~> 7.8)
  - FirebaseCoreInternal (10.10.0):
    - "GoogleUtilities/NSData+zlib (~> 7.8)"
  - FirebaseInstallations (10.10.0):
    - FirebaseCore (~> 10.0)
    - GoogleUtilities/Environment (~> 7.8)
    - GoogleUtilities/UserDefaults (~> 7.8)
    - PromisesObjC (~> 2.1)
  - FirebaseMessaging (10.10.0):
    - FirebaseCore (~> 10.0)
    - FirebaseInstallations (~> 10.0)
    - GoogleDataTransport (~> 9.2)
    - GoogleUtilities/AppDelegateSwizzler (~> 7.8)
    - GoogleUtilities/Environment (~> 7.8)
    - GoogleUtilities/Reachability (~> 7.8)
    - GoogleUtilities/UserDefaults (~> 7.8)
    - nanopb (< 2.30910.0, >= 2.30908.0)
  - FSCalendar (2.8.4)
  - GoogleAppMeasurement (10.10.0):
    - GoogleAppMeasurement/AdIdSupport (= 10.10.0)
    - GoogleUtilities/AppDelegateSwizzler (~> 7.11)
    - GoogleUtilities/MethodSwizzler (~> 7.11)
    - GoogleUtilities/Network (~> 7.11)
    - "GoogleUtilities/NSData+zlib (~> 7.11)"
    - nanopb (< 2.30910.0, >= 2.30908.0)
  - GoogleAppMeasurement/AdIdSupport (10.10.0):
    - GoogleAppMeasurement/WithoutAdIdSupport (= 10.10.0)
    - GoogleUtilities/AppDelegateSwizzler (~> 7.11)
    - GoogleUtilities/MethodSwizzler (~> 7.11)
    - GoogleUtilities/Network (~> 7.11)
    - "GoogleUtilities/NSData+zlib (~> 7.11)"
    - nanopb (< 2.30910.0, >= 2.30908.0)
  - GoogleAppMeasurement/WithoutAdIdSupport (10.10.0):
    - GoogleUtilities/AppDelegateSwizzler (~> 7.11)
    - GoogleUtilities/MethodSwizzler (~> 7.11)
    - GoogleUtilities/Network (~> 7.11)
    - "GoogleUtilities/NSData+zlib (~> 7.11)"
    - nanopb (< 2.30910.0, >= 2.30908.0)
  - GoogleDataTransport (9.2.3):
    - GoogleUtilities/Environment (~> 7.7)
    - nanopb (< 2.30910.0, >= 2.30908.0)
    - PromisesObjC (< 3.0, >= 1.2)
  - GoogleUtilities/AppDelegateSwizzler (7.11.1):
    - GoogleUtilities/Environment
    - GoogleUtilities/Logger
    - GoogleUtilities/Network
  - GoogleUtilities/Environment (7.11.1):
    - PromisesObjC (< 3.0, >= 1.2)
  - GoogleUtilities/Logger (7.11.1):
    - GoogleUtilities/Environment
  - GoogleUtilities/MethodSwizzler (7.11.1):
    - GoogleUtilities/Logger
  - GoogleUtilities/Network (7.11.1):
    - GoogleUtilities/Logger
    - "GoogleUtilities/NSData+zlib"
    - GoogleUtilities/Reachability
  - "GoogleUtilities/NSData+zlib (7.11.1)"
  - GoogleUtilities/Reachability (7.11.1):
    - GoogleUtilities/Logger
  - GoogleUtilities/UserDefaults (7.11.1):
    - GoogleUtilities/Logger
  - iOSDropDown (0.4.0)
  - Koyomi (1.2.7)
  - Moya (13.0.1):
    - Moya/Core (= 13.0.1)
  - Moya/Core (13.0.1):
    - Alamofire (~> 4.1)
    - Result (~> 4.1)
  - MultiSlider (2.0.0):
    - AvailableHapticFeedback
    - SweeterSwift
  - nanopb (2.30909.0):
    - nanopb/decode (= 2.30909.0)
    - nanopb/encode (= 2.30909.0)
  - nanopb/decode (2.30909.0)
  - nanopb/encode (2.30909.0)
  - PromisesObjC (2.2.0)
  - Pulsator (0.6.0)
  - Result (4.1.0)
  - RoundCoachMark (1.0.2)
  - RxBlocking (6.5.0):
    - RxSwift (= 6.5.0)
  - RxCocoa (6.5.0):
    - RxRelay (= 6.5.0)
    - RxSwift (= 6.5.0)
  - RxRelay (6.5.0):
    - RxSwift (= 6.5.0)
  - RxSwift (6.5.0)
  - RxTest (6.5.0):
    - RxSwift (= 6.5.0)
  - SideMenu (6.5.0)
  - SnapKit (5.0.1)
  - SweeterSwift (1.2.1)
  - Toast-Swift (5.0.1)

DEPENDENCIES:
  - AlamofireImage (~> 3.0)
  - Firebase/Core
  - Firebase/Messaging
  - FSCalendar
  - iOSDropDown
  - Koyomi
  - Moya (~> 13.0.0)
  - MultiSlider
  - Pulsator
  - RoundCoachMark
  - RxBlocking
  - RxCocoa
  - RxSwift
  - RxTest
  - SideMenu
  - SnapKit (~> 5.0.0)
  - Toast-Swift

SPEC REPOS:
  trunk:
    - Alamofire
    - AlamofireImage
    - AvailableHapticFeedback
    - Firebase
    - FirebaseAnalytics
    - FirebaseCore
    - FirebaseCoreInternal
    - FirebaseInstallations
    - FirebaseMessaging
    - FSCalendar
    - GoogleAppMeasurement
    - GoogleDataTransport
    - GoogleUtilities
    - iOSDropDown
    - Koyomi
    - Moya
    - MultiSlider
    - nanopb
    - PromisesObjC
    - Pulsator
    - Result
    - RoundCoachMark
    - RxBlocking
    - RxCocoa
    - RxRelay
    - RxSwift
    - RxTest
    - SideMenu
    - SnapKit
    - SweeterSwift
    - Toast-Swift

SPEC CHECKSUMS:
  Alamofire: 85e8a02c69d6020a0d734f6054870d7ecb75cf18
  AlamofireImage: be9963c6582d68b39e89191f64c82a7d7bf40fdd
  AvailableHapticFeedback: 9b21b9f6d3e4566015988b5de35b40abefe6c09a
  Firebase: facd334e557a979bd03a0b58d90fd56b52b8aba0
  FirebaseAnalytics: 7bc7de519111dae802f5bc0c9c083918f8b8870d
  FirebaseCore: d027ff503d37edb78db98429b11f580a24a7df2a
  FirebaseCoreInternal: 971029061d326000d65bfdc21f5502c75c8b0893
  FirebaseInstallations: 52153982b057d3afcb4e1fbb3eb0b6d00611e681
  FirebaseMessaging: 8a3b9a8b98ce72a42d22e69865cf662e38d2d6f5
  FSCalendar: 2d1d0d9398f12d439f55c1fe0f01525b151b8260
  GoogleAppMeasurement: bbbfd4bcb2b40ae9b772c3b0823a58c1e3d618f9
  GoogleDataTransport: f0308f5905a745f94fb91fea9c6cbaf3831cb1bd
  GoogleUtilities: 9aa0ad5a7bc171f8bae016300bfcfa3fb8425749
  iOSDropDown: ce9daa584eaa5567cafc1b633e3cc7eb6d9cea42
  Koyomi: f03615b8d2bb5a5a4752c6404a9794ed7ef7b327
  Moya: f4a4b80ff2f8a4ffc208dfb31cd91636622fee6e
  MultiSlider: 7e1c0ce4891d3c698c835b4309b8b18cd3f212f6
  nanopb: b552cce312b6c8484180ef47159bc0f65a1f0431
  PromisesObjC: 09985d6d70fbe7878040aa746d78236e6946d2ef
  Pulsator: eb5a9f9be4bdcbd19903984c65deca6aabe50a17
  Result: bd966fac789cc6c1563440b348ab2598cc24d5c7
  RoundCoachMark: b3b00eb04ef90654af6f7ab50b3ed03ed2901467
  RxBlocking: 04b5fd28bb5ea49f7d64b80db8bbfe50d9cc1c7d
  RxCocoa: 94f817b71c07517321eb4f9ad299112ca8af743b
  RxRelay: 1de1523e604c72b6c68feadedd1af3b1b4d0ecbd
  RxSwift: 5710a9e6b17f3c3d6e40d6e559b9fa1e813b2ef8
  RxTest: eb2d23adefc5a5ebf5779c7792fa3edfe6ebcc17
  SideMenu: f583187d21c5b1dd04c72002be544b555a2627a2
  SnapKit: 97b92857e3df3a0c71833cce143274bf6ef8e5eb
  SweeterSwift: 61baeda1c0c27d1dc57c8112c3d6a82e5aff3139
  Toast-Swift: 9b6a70f28b3bf0b96c40d46c0c4b9d6639846711

PODFILE CHECKSUM: 5a8f35946c5c1bfc048a3db3a800d2b8de3658f5

COCOAPODS: 1.12.1
